
Microsoft Visual Studio Solution File, Format Version 11.00
# Visual Studio 2010
Project("{FAE04EC0-301F-11D3-BF4B-00C04F79EFBC}") = "UnityEngine.UI", "UnityEngine.UI.csproj", "{914767bd-c423-b520-7ce9-7dea81e0ed19}"
EndProject
Project("{FAE04EC0-301F-11D3-BF4B-00C04F79EFBC}") = "Assembly-CSharp-firstpass", "Assembly-CSharp-firstpass.csproj", "{efaf2d26-2931-ba85-8da5-99629bcfec66}"
EndProject
Project("{FAE04EC0-301F-11D3-BF4B-00C04F79EFBC}") = "Polyperfect.Common", "Polyperfect.Common.csproj", "{c0a83ac9-b400-ffbe-eed4-2a58713d007e}"
EndProject
Project("{FAE04EC0-301F-11D3-BF4B-00C04F79EFBC}") = "Assembly-CSharp", "Assembly-CSharp.csproj", "{7a013f2a-9bae-cde2-be80-7d1acfdebb92}"
EndProject
Project("{FAE04EC0-301F-11D3-BF4B-00C04F79EFBC}") = "UnityEditor.UI", "UnityEditor.UI.csproj", "{cbb758bf-5023-d22c-cd48-9f37bf62a618}"
EndProject
Project("{FAE04EC0-301F-11D3-BF4B-00C04F79EFBC}") = "Assembly-CSharp-Editor", "Assembly-CSharp-Editor.csproj", "{7f0ff8a5-fdfe-1c57-a462-84895c78619c}"
EndProject
Project("{FAE04EC0-301F-11D3-BF4B-00C04F79EFBC}") = "Assembly-CSharp-Editor-firstpass", "Assembly-CSharp-Editor-firstpass.csproj", "{f22c1aad-587d-4028-c8c2-d9d968afffe0}"
EndProject
Global
	GlobalSection(SolutionConfigurationPlatforms) = preSolution
		Debug|Any CPU = Debug|Any CPU
	EndGlobalSection
	GlobalSection(ProjectConfigurationPlatforms) = postSolution
		{914767bd-c423-b520-7ce9-7dea81e0ed19}.Debug|Any CPU.ActiveCfg = Debug|Any CPU
		{914767bd-c423-b520-7ce9-7dea81e0ed19}.Debug|Any CPU.Build.0 = Debug|Any CPU
		{efaf2d26-2931-ba85-8da5-99629bcfec66}.Debug|Any CPU.ActiveCfg = Debug|Any CPU
		{efaf2d26-2931-ba85-8da5-99629bcfec66}.Debug|Any CPU.Build.0 = Debug|Any CPU
		{c0a83ac9-b400-ffbe-eed4-2a58713d007e}.Debug|Any CPU.ActiveCfg = Debug|Any CPU
		{c0a83ac9-b400-ffbe-eed4-2a58713d007e}.Debug|Any CPU.Build.0 = Debug|Any CPU
		{7a013f2a-9bae-cde2-be80-7d1acfdebb92}.Debug|Any CPU.ActiveCfg = Debug|Any CPU
		{7a013f2a-9bae-cde2-be80-7d1acfdebb92}.Debug|Any CPU.Build.0 = Debug|Any CPU
		{cbb758bf-5023-d22c-cd48-9f37bf62a618}.Debug|Any CPU.ActiveCfg = Debug|Any CPU
		{cbb758bf-5023-d22c-cd48-9f37bf62a618}.Debug|Any CPU.Build.0 = Debug|Any CPU
		{7f0ff8a5-fdfe-1c57-a462-84895c78619c}.Debug|Any CPU.ActiveCfg = Debug|Any CPU
		{7f0ff8a5-fdfe-1c57-a462-84895c78619c}.Debug|Any CPU.Build.0 = Debug|Any CPU
		{f22c1aad-587d-4028-c8c2-d9d968afffe0}.Debug|Any CPU.ActiveCfg = Debug|Any CPU
		{f22c1aad-587d-4028-c8c2-d9d968afffe0}.Debug|Any CPU.Build.0 = Debug|Any CPU
	EndGlobalSection
	GlobalSection(SolutionProperties) = preSolution
		HideSolutionNode = FALSE
	EndGlobalSection
EndGlobal
